
Microsoft Visual Studio Solution File, Format Version 12.00
# Visual Studio Version 17
VisualStudioVersion = 17.1.32210.238
MinimumVisualStudioVersion = 10.0.40219.1
Project("{9A19103F-16F7-4668-BE54-9A1E7A4F7556}") = "GlobalManagementSystem.Web", "GlobalManagementSystem.Web\GlobalManagementSystem.Web.csproj", "{B1283EEF-3B13-4680-BA8B-457BFD51A0F1}"
EndProject
Project("{2150E333-8FDC-42A3-9474-1A3956D46DE8}") = "Solution Items", "Solution Items", "{8460ECF3-EED6-4731-9005-9D52B6CCD9DA}"
	ProjectSection(SolutionItems) = preProject
		.editorconfig = .editorconfig
	EndProjectSection
EndProject
Global
	GlobalSection(SolutionConfigurationPlatforms) = preSolution
		Debug|Any CPU = Debug|Any CPU
		Release|Any CPU = Release|Any CPU
	EndGlobalSection
	GlobalSection(ProjectConfigurationPlatforms) = postSolution
		{B1283EEF-3B13-4680-BA8B-457BFD51A0F1}.Debug|Any CPU.ActiveCfg = Debug|Any CPU
		{B1283EEF-3B13-4680-BA8B-457BFD51A0F1}.Debug|Any CPU.Build.0 = Debug|Any CPU
		{B1283EEF-3B13-4680-BA8B-457BFD51A0F1}.Release|Any CPU.ActiveCfg = Release|Any CPU
		{B1283EEF-3B13-4680-BA8B-457BFD51A0F1}.Release|Any CPU.Build.0 = Release|Any CPU
	EndGlobalSection
	GlobalSection(SolutionProperties) = preSolution
		HideSolutionNode = FALSE
	EndGlobalSection
	GlobalSection(ExtensibilityGlobals) = postSolution
		SolutionGuid = {BB1A7EC1-4533-448D-9B2E-0BECDB46247F}
	EndGlobalSection
EndGlobal
